// !$*UTF8*$!
{
	archiveVersion = 1;
	classes = {
	};
	objectVersion = 46;
	objects = {

/* Begin PBXBuildFile section */
		4C4D97671A10A8C5005FD0BE /* SKDate.h in Sources */ = {isa = PBXBuildFile; fileRef = 84F1AE321A0FFF6B007CAA64 /* SKDate.h */; };
		4C4D97681A10A8CC005FD0BE /* SKDate.m in Sources */ = {isa = PBXBuildFile; fileRef = 84F1AE331A0FFF6B007CAA64 /* SKDate.m */; };
		4CA2D6101A2DFBBF00E21E08 /* SKBasicLoadingCell.m in Sources */ = {isa = PBXBuildFile; fileRef = 4CA2D60F1A2DFBBF00E21E08 /* SKBasicLoadingCell.m */; };
		4CD6E8921A1CFCAB000BBD5D /* SKBasicSharingManager.m in Sources */ = {isa = PBXBuildFile; fileRef = 4CD6E8911A1CFCAB000BBD5D /* SKBasicSharingManager.m */; };
		842925421A2F8555001A40F1 /* TableViewSample.m in Sources */ = {isa = PBXBuildFile; fileRef = 842925411A2F8555001A40F1 /* TableViewSample.m */; };
		8429254B1A2F880F001A40F1 /* SKBasicTableViewAdapter.m in Sources */ = {isa = PBXBuildFile; fileRef = 8429254A1A2F880F001A40F1 /* SKBasicTableViewAdapter.m */; };
		8429254E1A2F8976001A40F1 /* tvDataSourceSample.m in Sources */ = {isa = PBXBuildFile; fileRef = 8429254D1A2F8976001A40F1 /* tvDataSourceSample.m */; };
		842925511A2F91F3001A40F1 /* SKBasicLoadingTableViewCell.m in Sources */ = {isa = PBXBuildFile; fileRef = 842925501A2F91F3001A40F1 /* SKBasicLoadingTableViewCell.m */; };
		842925541A2F9427001A40F1 /* SKBasicTableViewDataSource.m in Sources */ = {isa = PBXBuildFile; fileRef = 842925531A2F9427001A40F1 /* SKBasicTableViewDataSource.m */; };
		842925571A2F9433001A40F1 /* SKBasicTableView.m in Sources */ = {isa = PBXBuildFile; fileRef = 842925551A2F9433001A40F1 /* SKBasicTableView.m */; };
		8429255A1A2F95E9001A40F1 /* tvAdapterSample.m in Sources */ = {isa = PBXBuildFile; fileRef = 842925591A2F95E9001A40F1 /* tvAdapterSample.m */; };
		845CFCB11A0FDC19000A1A60 /* AppDelegate.m in Sources */ = {isa = PBXBuildFile; fileRef = 845CFCB01A0FDC19000A1A60 /* AppDelegate.m */; };
		847095581A2F733A00B180D0 /* UIViewSample.m in Sources */ = {isa = PBXBuildFile; fileRef = 847095571A2F733A00B180D0 /* UIViewSample.m */; };
		8470955B1A2F744200B180D0 /* viewSample.m in Sources */ = {isa = PBXBuildFile; fileRef = 8470955A1A2F744200B180D0 /* viewSample.m */; };
		8470955E1A2F77DB00B180D0 /* viewDataSourceSample.m in Sources */ = {isa = PBXBuildFile; fileRef = 8470955D1A2F77DB00B180D0 /* viewDataSourceSample.m */; };
		847095611A2F77FB00B180D0 /* viewAdapterSample.m in Sources */ = {isa = PBXBuildFile; fileRef = 847095601A2F77FB00B180D0 /* viewAdapterSample.m */; };
		847095641A2F7EE900B180D0 /* User.m in Sources */ = {isa = PBXBuildFile; fileRef = 847095631A2F7EE900B180D0 /* User.m */; };
		848C3DFE1A0FD419004C9699 /* main.m in Sources */ = {isa = PBXBuildFile; fileRef = 848C3DFD1A0FD419004C9699 /* main.m */; };
		848C3E0C1A0FD419004C9699 /* Images.xcassets in Resources */ = {isa = PBXBuildFile; fileRef = 848C3E0B1A0FD419004C9699 /* Images.xcassets */; };
		848C3E1B1A0FD419004C9699 /* SKLibsTests.m in Sources */ = {isa = PBXBuildFile; fileRef = 848C3E1A1A0FD419004C9699 /* SKLibsTests.m */; };
		849411821A2E4D20006A70A5 /* SKBasicAdapter.m in Sources */ = {isa = PBXBuildFile; fileRef = 849411811A2E4D20006A70A5 /* SKBasicAdapter.m */; };
		8494118B1A2E4F13006A70A5 /* SKBasicCollectionViewDataSource.m in Sources */ = {isa = PBXBuildFile; fileRef = 8494118A1A2E4F13006A70A5 /* SKBasicCollectionViewDataSource.m */; };
		8494118E1A2E4FD5006A70A5 /* SKBasicView.m in Sources */ = {isa = PBXBuildFile; fileRef = 8494118D1A2E4FD5006A70A5 /* SKBasicView.m */; };
		849411971A2E5886006A70A5 /* SKBasicArrayDataSource.m in Sources */ = {isa = PBXBuildFile; fileRef = 849411961A2E5886006A70A5 /* SKBasicArrayDataSource.m */; };
		8494119A1A2E5B04006A70A5 /* SKBasicCollectionViewAdapter.m in Sources */ = {isa = PBXBuildFile; fileRef = 849411991A2E5B04006A70A5 /* SKBasicCollectionViewAdapter.m */; };
		8494119F1A2E5FE2006A70A5 /* SKLibsVC.m in Sources */ = {isa = PBXBuildFile; fileRef = 8494119E1A2E5FE2006A70A5 /* SKLibsVC.m */; };
		849411A51A2E6469006A70A5 /* CollectionViewSample.m in Sources */ = {isa = PBXBuildFile; fileRef = 849411A41A2E6469006A70A5 /* CollectionViewSample.m */; };
		849411A91A2E64FC006A70A5 /* cvAdapterSample.m in Sources */ = {isa = PBXBuildFile; fileRef = 849411A81A2E64FC006A70A5 /* cvAdapterSample.m */; };
		849411AC1A2E6520006A70A5 /* cvDataSourceSample.m in Sources */ = {isa = PBXBuildFile; fileRef = 849411AB1A2E6520006A70A5 /* cvDataSourceSample.m */; };
		849411AF1A2E689A006A70A5 /* cvCellSample.m in Sources */ = {isa = PBXBuildFile; fileRef = 849411AE1A2E689A006A70A5 /* cvCellSample.m */; };
		84C2A8F01A0FE34A00BE6045 /* SKBasicCollectionView.m in Sources */ = {isa = PBXBuildFile; fileRef = 84C2A8D31A0FE34A00BE6045 /* SKBasicCollectionView.m */; };
		84C2A8F11A0FE34A00BE6045 /* SKBasicContextManager.m in Sources */ = {isa = PBXBuildFile; fileRef = 84C2A8D51A0FE34A00BE6045 /* SKBasicContextManager.m */; };
		84C2A8F21A0FE34A00BE6045 /* SKBasicDataSource.m in Sources */ = {isa = PBXBuildFile; fileRef = 84C2A8D71A0FE34A00BE6045 /* SKBasicDataSource.m */; };
		84C2A8F41A0FE34A00BE6045 /* SKBasicLinker.m in Sources */ = {isa = PBXBuildFile; fileRef = 84C2A8DC1A0FE34A00BE6045 /* SKBasicLinker.m */; };
		84C2A8F51A0FE34A00BE6045 /* SKBasicMTContextProcessor.m in Sources */ = {isa = PBXBuildFile; fileRef = 84C2A8DE1A0FE34A00BE6045 /* SKBasicMTContextProcessor.m */; };
		84C2A8F61A0FE34A00BE6045 /* SKBasicPostprocessor.m in Sources */ = {isa = PBXBuildFile; fileRef = 84C2A8E01A0FE34A00BE6045 /* SKBasicPostprocessor.m */; };
		84C2A8F71A0FE34A00BE6045 /* SKBasicSaver.m in Sources */ = {isa = PBXBuildFile; fileRef = 84C2A8E21A0FE34A00BE6045 /* SKBasicSaver.m */; };
		84C2A8F81A0FE34A00BE6045 /* SKBasicSyncer.m in Sources */ = {isa = PBXBuildFile; fileRef = 84C2A8E41A0FE34A00BE6045 /* SKBasicSyncer.m */; };
		84C2A8F91A0FE34A00BE6045 /* SKColor.m in Sources */ = {isa = PBXBuildFile; fileRef = 84C2A8E61A0FE34A00BE6045 /* SKColor.m */; };
		84C2A8FA1A0FE34A00BE6045 /* SKBasicCoredataManager.m in Sources */ = {isa = PBXBuildFile; fileRef = 84C2A8E81A0FE34A00BE6045 /* SKBasicCoredataManager.m */; };
		84C2A8FC1A0FE34A00BE6045 /* SKMath.m in Sources */ = {isa = PBXBuildFile; fileRef = 84C2A8EC1A0FE34A00BE6045 /* SKMath.m */; };
		84C2A9031A0FEAF700BE6045 /* SKBasicProcessor.m in Sources */ = {isa = PBXBuildFile; fileRef = 84C2A9021A0FEAF700BE6045 /* SKBasicProcessor.m */; };
		84C2A9091A0FED6400BE6045 /* SKCoockies.m in Sources */ = {isa = PBXBuildFile; fileRef = 84C2A9081A0FED6400BE6045 /* SKCoockies.m */; };
		84F1AE371A0FFF70007CAA64 /* SKImage.m in Sources */ = {isa = PBXBuildFile; fileRef = 84F1AE361A0FFF70007CAA64 /* SKImage.m */; };
		9A3C048B5F47D05C716EA268 /* libPods.a in Frameworks */ = {isa = PBXBuildFile; fileRef = 084F732815BFD4EECB13D174 /* libPods.a */; };
/* End PBXBuildFile section */

/* Begin PBXContainerItemProxy section */
		848C3E151A0FD419004C9699 /* PBXContainerItemProxy */ = {
			isa = PBXContainerItemProxy;
			containerPortal = 848C3DF01A0FD419004C9699 /* Project object */;
			proxyType = 1;
			remoteGlobalIDString = 848C3DF71A0FD419004C9699;
			remoteInfo = SKLibs;
		};
/* End PBXContainerItemProxy section */

/* Begin PBXFileReference section */
		084F732815BFD4EECB13D174 /* libPods.a */ = {isa = PBXFileReference; explicitFileType = archive.ar; includeInIndex = 0; path = libPods.a; sourceTree = BUILT_PRODUCTS_DIR; };
		321A35CAF5E6431C516AD708 /* Pods.debug.xcconfig */ = {isa = PBXFileReference; includeInIndex = 1; lastKnownFileType = text.xcconfig; name = Pods.debug.xcconfig; path = "Pods/Target Support Files/Pods/Pods.debug.xcconfig"; sourceTree = "<group>"; };
		4CA2D60E1A2DFBBF00E21E08 /* SKBasicLoadingCell.h */ = {isa = PBXFileReference; fileEncoding = 4; lastKnownFileType = sourcecode.c.h; name = SKBasicLoadingCell.h; path = Classes/SKBasicLoadingCell.h; sourceTree = "<group>"; };
		4CA2D60F1A2DFBBF00E21E08 /* SKBasicLoadingCell.m */ = {isa = PBXFileReference; fileEncoding = 4; lastKnownFileType = sourcecode.c.objc; name = SKBasicLoadingCell.m; path = Classes/SKBasicLoadingCell.m; sourceTree = "<group>"; };
		4CD6E8901A1CFCAB000BBD5D /* SKBasicSharingManager.h */ = {isa = PBXFileReference; fileEncoding = 4; lastKnownFileType = sourcecode.c.h; name = SKBasicSharingManager.h; path = Classes/SKBasicSharingManager.h; sourceTree = "<group>"; };
		4CD6E8911A1CFCAB000BBD5D /* SKBasicSharingManager.m */ = {isa = PBXFileReference; fileEncoding = 4; lastKnownFileType = sourcecode.c.objc; name = SKBasicSharingManager.m; path = Classes/SKBasicSharingManager.m; sourceTree = "<group>"; };
		653D76719830801E02024942 /* Pods.release.xcconfig */ = {isa = PBXFileReference; includeInIndex = 1; lastKnownFileType = text.xcconfig; name = Pods.release.xcconfig; path = "Pods/Target Support Files/Pods/Pods.release.xcconfig"; sourceTree = "<group>"; };
		842925401A2F8555001A40F1 /* TableViewSample.h */ = {isa = PBXFileReference; fileEncoding = 4; lastKnownFileType = sourcecode.c.h; name = TableViewSample.h; path = SKLibs/TableViewSample.h; sourceTree = "<group>"; };
		842925411A2F8555001A40F1 /* TableViewSample.m */ = {isa = PBXFileReference; fileEncoding = 4; lastKnownFileType = sourcecode.c.objc; name = TableViewSample.m; path = SKLibs/TableViewSample.m; sourceTree = "<group>"; };
		842925491A2F880F001A40F1 /* SKBasicTableViewAdapter.h */ = {isa = PBXFileReference; fileEncoding = 4; lastKnownFileType = sourcecode.c.h; name = SKBasicTableViewAdapter.h; path = Classes/SKBasicTableViewAdapter.h; sourceTree = "<group>"; };
		8429254A1A2F880F001A40F1 /* SKBasicTableViewAdapter.m */ = {isa = PBXFileReference; fileEncoding = 4; lastKnownFileType = sourcecode.c.objc; name = SKBasicTableViewAdapter.m; path = Classes/SKBasicTableViewAdapter.m; sourceTree = "<group>"; };
		8429254C1A2F8976001A40F1 /* tvDataSourceSample.h */ = {isa = PBXFileReference; fileEncoding = 4; lastKnownFileType = sourcecode.c.h; name = tvDataSourceSample.h; path = SKLibs/tvDataSourceSample.h; sourceTree = "<group>"; };
		8429254D1A2F8976001A40F1 /* tvDataSourceSample.m */ = {isa = PBXFileReference; fileEncoding = 4; lastKnownFileType = sourcecode.c.objc; name = tvDataSourceSample.m; path = SKLibs/tvDataSourceSample.m; sourceTree = "<group>"; };
		8429254F1A2F91F3001A40F1 /* SKBasicLoadingTableViewCell.h */ = {isa = PBXFileReference; fileEncoding = 4; lastKnownFileType = sourcecode.c.h; name = SKBasicLoadingTableViewCell.h; path = Classes/SKBasicLoadingTableViewCell.h; sourceTree = "<group>"; };
		842925501A2F91F3001A40F1 /* SKBasicLoadingTableViewCell.m */ = {isa = PBXFileReference; fileEncoding = 4; lastKnownFileType = sourcecode.c.objc; name = SKBasicLoadingTableViewCell.m; path = Classes/SKBasicLoadingTableViewCell.m; sourceTree = "<group>"; };
		842925521A2F9427001A40F1 /* SKBasicTableViewDataSource.h */ = {isa = PBXFileReference; fileEncoding = 4; lastKnownFileType = sourcecode.c.h; name = SKBasicTableViewDataSource.h; path = Classes/SKBasicTableViewDataSource.h; sourceTree = "<group>"; };
		842925531A2F9427001A40F1 /* SKBasicTableViewDataSource.m */ = {isa = PBXFileReference; fileEncoding = 4; lastKnownFileType = sourcecode.c.objc; name = SKBasicTableViewDataSource.m; path = Classes/SKBasicTableViewDataSource.m; sourceTree = "<group>"; };
		842925551A2F9433001A40F1 /* SKBasicTableView.m */ = {isa = PBXFileReference; fileEncoding = 4; lastKnownFileType = sourcecode.c.objc; name = SKBasicTableView.m; path = Classes/SKBasicTableView.m; sourceTree = "<group>"; };
		842925561A2F9433001A40F1 /* SKBasicTableView.h */ = {isa = PBXFileReference; fileEncoding = 4; lastKnownFileType = sourcecode.c.h; name = SKBasicTableView.h; path = Classes/SKBasicTableView.h; sourceTree = "<group>"; };
		842925581A2F95E9001A40F1 /* tvAdapterSample.h */ = {isa = PBXFileReference; fileEncoding = 4; lastKnownFileType = sourcecode.c.h; name = tvAdapterSample.h; path = SKLibs/tvAdapterSample.h; sourceTree = "<group>"; };
		842925591A2F95E9001A40F1 /* tvAdapterSample.m */ = {isa = PBXFileReference; fileEncoding = 4; lastKnownFileType = sourcecode.c.objc; name = tvAdapterSample.m; path = SKLibs/tvAdapterSample.m; sourceTree = "<group>"; };
		845CFCAF1A0FDC19000A1A60 /* AppDelegate.h */ = {isa = PBXFileReference; fileEncoding = 4; lastKnownFileType = sourcecode.c.h; path = AppDelegate.h; sourceTree = "<group>"; };
		845CFCB01A0FDC19000A1A60 /* AppDelegate.m */ = {isa = PBXFileReference; fileEncoding = 4; lastKnownFileType = sourcecode.c.objc; path = AppDelegate.m; sourceTree = "<group>"; };
		847095561A2F733A00B180D0 /* UIViewSample.h */ = {isa = PBXFileReference; fileEncoding = 4; lastKnownFileType = sourcecode.c.h; name = UIViewSample.h; path = SKLibs/UIViewSample.h; sourceTree = "<group>"; };
		847095571A2F733A00B180D0 /* UIViewSample.m */ = {isa = PBXFileReference; fileEncoding = 4; lastKnownFileType = sourcecode.c.objc; name = UIViewSample.m; path = SKLibs/UIViewSample.m; sourceTree = "<group>"; };
		847095591A2F744200B180D0 /* viewSample.h */ = {isa = PBXFileReference; fileEncoding = 4; lastKnownFileType = sourcecode.c.h; name = viewSample.h; path = SKLibs/viewSample.h; sourceTree = "<group>"; };
		8470955A1A2F744200B180D0 /* viewSample.m */ = {isa = PBXFileReference; fileEncoding = 4; lastKnownFileType = sourcecode.c.objc; name = viewSample.m; path = SKLibs/viewSample.m; sourceTree = "<group>"; };
		8470955C1A2F77DB00B180D0 /* viewDataSourceSample.h */ = {isa = PBXFileReference; fileEncoding = 4; lastKnownFileType = sourcecode.c.h; name = viewDataSourceSample.h; path = SKLibs/viewDataSourceSample.h; sourceTree = "<group>"; };
		8470955D1A2F77DB00B180D0 /* viewDataSourceSample.m */ = {isa = PBXFileReference; fileEncoding = 4; lastKnownFileType = sourcecode.c.objc; name = viewDataSourceSample.m; path = SKLibs/viewDataSourceSample.m; sourceTree = "<group>"; };
		8470955F1A2F77FB00B180D0 /* viewAdapterSample.h */ = {isa = PBXFileReference; fileEncoding = 4; lastKnownFileType = sourcecode.c.h; name = viewAdapterSample.h; path = SKLibs/viewAdapterSample.h; sourceTree = "<group>"; };
		847095601A2F77FB00B180D0 /* viewAdapterSample.m */ = {isa = PBXFileReference; fileEncoding = 4; lastKnownFileType = sourcecode.c.objc; name = viewAdapterSample.m; path = SKLibs/viewAdapterSample.m; sourceTree = "<group>"; };
		847095621A2F7EE900B180D0 /* User.h */ = {isa = PBXFileReference; fileEncoding = 4; lastKnownFileType = sourcecode.c.h; name = User.h; path = SKLibs/User.h; sourceTree = "<group>"; };
		847095631A2F7EE900B180D0 /* User.m */ = {isa = PBXFileReference; fileEncoding = 4; lastKnownFileType = sourcecode.c.objc; name = User.m; path = SKLibs/User.m; sourceTree = "<group>"; };
		848C3DF81A0FD419004C9699 /* SKLibs.app */ = {isa = PBXFileReference; explicitFileType = wrapper.application; includeInIndex = 0; path = SKLibs.app; sourceTree = BUILT_PRODUCTS_DIR; };
		848C3DFC1A0FD419004C9699 /* Info.plist */ = {isa = PBXFileReference; lastKnownFileType = text.plist.xml; path = Info.plist; sourceTree = "<group>"; };
		848C3DFD1A0FD419004C9699 /* main.m */ = {isa = PBXFileReference; lastKnownFileType = sourcecode.c.objc; path = main.m; sourceTree = "<group>"; };
		848C3E0B1A0FD419004C9699 /* Images.xcassets */ = {isa = PBXFileReference; lastKnownFileType = folder.assetcatalog; path = Images.xcassets; sourceTree = "<group>"; };
		848C3E141A0FD419004C9699 /* SKLibsTests.xctest */ = {isa = PBXFileReference; explicitFileType = wrapper.cfbundle; includeInIndex = 0; path = SKLibsTests.xctest; sourceTree = BUILT_PRODUCTS_DIR; };
		848C3E191A0FD419004C9699 /* Info.plist */ = {isa = PBXFileReference; lastKnownFileType = text.plist.xml; path = Info.plist; sourceTree = "<group>"; };
		848C3E1A1A0FD419004C9699 /* SKLibsTests.m */ = {isa = PBXFileReference; lastKnownFileType = sourcecode.c.objc; path = SKLibsTests.m; sourceTree = "<group>"; };
		849411801A2E4D20006A70A5 /* SKBasicAdapter.h */ = {isa = PBXFileReference; fileEncoding = 4; lastKnownFileType = sourcecode.c.h; name = SKBasicAdapter.h; path = Classes/SKBasicAdapter.h; sourceTree = "<group>"; };
		849411811A2E4D20006A70A5 /* SKBasicAdapter.m */ = {isa = PBXFileReference; fileEncoding = 4; lastKnownFileType = sourcecode.c.objc; name = SKBasicAdapter.m; path = Classes/SKBasicAdapter.m; sourceTree = "<group>"; };
		849411891A2E4F13006A70A5 /* SKBasicCollectionViewDataSource.h */ = {isa = PBXFileReference; fileEncoding = 4; lastKnownFileType = sourcecode.c.h; name = SKBasicCollectionViewDataSource.h; path = Classes/SKBasicCollectionViewDataSource.h; sourceTree = "<group>"; };
		8494118A1A2E4F13006A70A5 /* SKBasicCollectionViewDataSource.m */ = {isa = PBXFileReference; fileEncoding = 4; lastKnownFileType = sourcecode.c.objc; name = SKBasicCollectionViewDataSource.m; path = Classes/SKBasicCollectionViewDataSource.m; sourceTree = "<group>"; };
		8494118C1A2E4FD5006A70A5 /* SKBasicView.h */ = {isa = PBXFileReference; fileEncoding = 4; lastKnownFileType = sourcecode.c.h; name = SKBasicView.h; path = Classes/SKBasicView.h; sourceTree = "<group>"; };
		8494118D1A2E4FD5006A70A5 /* SKBasicView.m */ = {isa = PBXFileReference; fileEncoding = 4; lastKnownFileType = sourcecode.c.objc; name = SKBasicView.m; path = Classes/SKBasicView.m; sourceTree = "<group>"; };
		849411901A2E5120006A70A5 /* SKBasicViewProtocol.h */ = {isa = PBXFileReference; fileEncoding = 4; lastKnownFileType = sourcecode.c.h; name = SKBasicViewProtocol.h; path = Classes/SKBasicViewProtocol.h; sourceTree = "<group>"; };
		849411951A2E5886006A70A5 /* SKBasicArrayDataSource.h */ = {isa = PBXFileReference; fileEncoding = 4; lastKnownFileType = sourcecode.c.h; name = SKBasicArrayDataSource.h; path = Classes/SKBasicArrayDataSource.h; sourceTree = "<group>"; };
		849411961A2E5886006A70A5 /* SKBasicArrayDataSource.m */ = {isa = PBXFileReference; fileEncoding = 4; lastKnownFileType = sourcecode.c.objc; name = SKBasicArrayDataSource.m; path = Classes/SKBasicArrayDataSource.m; sourceTree = "<group>"; };
		849411981A2E5B04006A70A5 /* SKBasicCollectionViewAdapter.h */ = {isa = PBXFileReference; fileEncoding = 4; lastKnownFileType = sourcecode.c.h; name = SKBasicCollectionViewAdapter.h; path = Classes/SKBasicCollectionViewAdapter.h; sourceTree = "<group>"; };
		849411991A2E5B04006A70A5 /* SKBasicCollectionViewAdapter.m */ = {isa = PBXFileReference; fileEncoding = 4; lastKnownFileType = sourcecode.c.objc; name = SKBasicCollectionViewAdapter.m; path = Classes/SKBasicCollectionViewAdapter.m; sourceTree = "<group>"; };
		8494119D1A2E5FE2006A70A5 /* SKLibsVC.h */ = {isa = PBXFileReference; fileEncoding = 4; lastKnownFileType = sourcecode.c.h; name = SKLibsVC.h; path = SKLibs/SKLibsVC.h; sourceTree = "<group>"; };
		8494119E1A2E5FE2006A70A5 /* SKLibsVC.m */ = {isa = PBXFileReference; fileEncoding = 4; lastKnownFileType = sourcecode.c.objc; name = SKLibsVC.m; path = SKLibs/SKLibsVC.m; sourceTree = "<group>"; };
		849411A01A2E600A006A70A5 /* SKBasicAdapterProtocol.h */ = {isa = PBXFileReference; fileEncoding = 4; lastKnownFileType = sourcecode.c.h; name = SKBasicAdapterProtocol.h; path = Classes/SKBasicAdapterProtocol.h; sourceTree = "<group>"; };
		849411A11A2E6014006A70A5 /* SKBasicDataSourceProtocol.h */ = {isa = PBXFileReference; fileEncoding = 4; lastKnownFileType = sourcecode.c.h; name = SKBasicDataSourceProtocol.h; path = Classes/SKBasicDataSourceProtocol.h; sourceTree = "<group>"; };
		849411A31A2E6469006A70A5 /* CollectionViewSample.h */ = {isa = PBXFileReference; fileEncoding = 4; lastKnownFileType = sourcecode.c.h; name = CollectionViewSample.h; path = SKLibs/CollectionViewSample.h; sourceTree = "<group>"; };
		849411A41A2E6469006A70A5 /* CollectionViewSample.m */ = {isa = PBXFileReference; fileEncoding = 4; lastKnownFileType = sourcecode.c.objc; name = CollectionViewSample.m; path = SKLibs/CollectionViewSample.m; sourceTree = "<group>"; };
		849411A71A2E64FC006A70A5 /* cvAdapterSample.h */ = {isa = PBXFileReference; fileEncoding = 4; lastKnownFileType = sourcecode.c.h; name = cvAdapterSample.h; path = SKLibs/cvAdapterSample.h; sourceTree = "<group>"; };
		849411A81A2E64FC006A70A5 /* cvAdapterSample.m */ = {isa = PBXFileReference; fileEncoding = 4; lastKnownFileType = sourcecode.c.objc; name = cvAdapterSample.m; path = SKLibs/cvAdapterSample.m; sourceTree = "<group>"; };
		849411AA1A2E6520006A70A5 /* cvDataSourceSample.h */ = {isa = PBXFileReference; fileEncoding = 4; lastKnownFileType = sourcecode.c.h; name = cvDataSourceSample.h; path = SKLibs/cvDataSourceSample.h; sourceTree = "<group>"; };
		849411AB1A2E6520006A70A5 /* cvDataSourceSample.m */ = {isa = PBXFileReference; fileEncoding = 4; lastKnownFileType = sourcecode.c.objc; name = cvDataSourceSample.m; path = SKLibs/cvDataSourceSample.m; sourceTree = "<group>"; };
		849411AD1A2E689A006A70A5 /* cvCellSample.h */ = {isa = PBXFileReference; fileEncoding = 4; lastKnownFileType = sourcecode.c.h; name = cvCellSample.h; path = SKLibs/cvCellSample.h; sourceTree = "<group>"; };
		849411AE1A2E689A006A70A5 /* cvCellSample.m */ = {isa = PBXFileReference; fileEncoding = 4; lastKnownFileType = sourcecode.c.objc; name = cvCellSample.m; path = SKLibs/cvCellSample.m; sourceTree = "<group>"; };
		84C2A8D21A0FE34A00BE6045 /* SKBasicCollectionView.h */ = {isa = PBXFileReference; fileEncoding = 4; lastKnownFileType = sourcecode.c.h; name = SKBasicCollectionView.h; path = Classes/SKBasicCollectionView.h; sourceTree = "<group>"; };
		84C2A8D31A0FE34A00BE6045 /* SKBasicCollectionView.m */ = {isa = PBXFileReference; fileEncoding = 4; lastKnownFileType = sourcecode.c.objc; name = SKBasicCollectionView.m; path = Classes/SKBasicCollectionView.m; sourceTree = "<group>"; };
		84C2A8D41A0FE34A00BE6045 /* SKBasicContextManager.h */ = {isa = PBXFileReference; fileEncoding = 4; lastKnownFileType = sourcecode.c.h; name = SKBasicContextManager.h; path = Classes/SKBasicContextManager.h; sourceTree = "<group>"; };
		84C2A8D51A0FE34A00BE6045 /* SKBasicContextManager.m */ = {isa = PBXFileReference; fileEncoding = 4; lastKnownFileType = sourcecode.c.objc; name = SKBasicContextManager.m; path = Classes/SKBasicContextManager.m; sourceTree = "<group>"; };
		84C2A8D61A0FE34A00BE6045 /* SKBasicDataSource.h */ = {isa = PBXFileReference; fileEncoding = 4; lastKnownFileType = sourcecode.c.h; name = SKBasicDataSource.h; path = Classes/SKBasicDataSource.h; sourceTree = "<group>"; };
		84C2A8D71A0FE34A00BE6045 /* SKBasicDataSource.m */ = {isa = PBXFileReference; fileEncoding = 4; lastKnownFileType = sourcecode.c.objc; name = SKBasicDataSource.m; path = Classes/SKBasicDataSource.m; sourceTree = "<group>"; };
		84C2A8DA1A0FE34A00BE6045 /* SKBasicDataSourceDelegate.h */ = {isa = PBXFileReference; fileEncoding = 4; lastKnownFileType = sourcecode.c.h; name = SKBasicDataSourceDelegate.h; path = Classes/SKBasicDataSourceDelegate.h; sourceTree = "<group>"; };
		84C2A8DB1A0FE34A00BE6045 /* SKBasicLinker.h */ = {isa = PBXFileReference; fileEncoding = 4; lastKnownFileType = sourcecode.c.h; name = SKBasicLinker.h; path = Classes/SKBasicLinker.h; sourceTree = "<group>"; };
		84C2A8DC1A0FE34A00BE6045 /* SKBasicLinker.m */ = {isa = PBXFileReference; fileEncoding = 4; lastKnownFileType = sourcecode.c.objc; name = SKBasicLinker.m; path = Classes/SKBasicLinker.m; sourceTree = "<group>"; };
		84C2A8DD1A0FE34A00BE6045 /* SKBasicMTContextProcessor.h */ = {isa = PBXFileReference; fileEncoding = 4; lastKnownFileType = sourcecode.c.h; name = SKBasicMTContextProcessor.h; path = Classes/SKBasicMTContextProcessor.h; sourceTree = "<group>"; };
		84C2A8DE1A0FE34A00BE6045 /* SKBasicMTContextProcessor.m */ = {isa = PBXFileReference; fileEncoding = 4; lastKnownFileType = sourcecode.c.objc; name = SKBasicMTContextProcessor.m; path = Classes/SKBasicMTContextProcessor.m; sourceTree = "<group>"; };
		84C2A8DF1A0FE34A00BE6045 /* SKBasicPostprocessor.h */ = {isa = PBXFileReference; fileEncoding = 4; lastKnownFileType = sourcecode.c.h; name = SKBasicPostprocessor.h; path = Classes/SKBasicPostprocessor.h; sourceTree = "<group>"; };
		84C2A8E01A0FE34A00BE6045 /* SKBasicPostprocessor.m */ = {isa = PBXFileReference; fileEncoding = 4; lastKnownFileType = sourcecode.c.objc; name = SKBasicPostprocessor.m; path = Classes/SKBasicPostprocessor.m; sourceTree = "<group>"; };
		84C2A8E11A0FE34A00BE6045 /* SKBasicSaver.h */ = {isa = PBXFileReference; fileEncoding = 4; lastKnownFileType = sourcecode.c.h; name = SKBasicSaver.h; path = Classes/SKBasicSaver.h; sourceTree = "<group>"; };
		84C2A8E21A0FE34A00BE6045 /* SKBasicSaver.m */ = {isa = PBXFileReference; fileEncoding = 4; lastKnownFileType = sourcecode.c.objc; name = SKBasicSaver.m; path = Classes/SKBasicSaver.m; sourceTree = "<group>"; };
		84C2A8E31A0FE34A00BE6045 /* SKBasicSyncer.h */ = {isa = PBXFileReference; fileEncoding = 4; lastKnownFileType = sourcecode.c.h; name = SKBasicSyncer.h; path = Classes/SKBasicSyncer.h; sourceTree = "<group>"; };
		84C2A8E41A0FE34A00BE6045 /* SKBasicSyncer.m */ = {isa = PBXFileReference; fileEncoding = 4; lastKnownFileType = sourcecode.c.objc; name = SKBasicSyncer.m; path = Classes/SKBasicSyncer.m; sourceTree = "<group>"; };
		84C2A8E51A0FE34A00BE6045 /* SKColor.h */ = {isa = PBXFileReference; fileEncoding = 4; lastKnownFileType = sourcecode.c.h; name = SKColor.h; path = Classes/SKColor.h; sourceTree = "<group>"; };
		84C2A8E61A0FE34A00BE6045 /* SKColor.m */ = {isa = PBXFileReference; fileEncoding = 4; lastKnownFileType = sourcecode.c.objc; name = SKColor.m; path = Classes/SKColor.m; sourceTree = "<group>"; };
		84C2A8E71A0FE34A00BE6045 /* SKBasicCoredataManager.h */ = {isa = PBXFileReference; fileEncoding = 4; lastKnownFileType = sourcecode.c.h; name = SKBasicCoredataManager.h; path = Classes/SKBasicCoredataManager.h; sourceTree = "<group>"; };
		84C2A8E81A0FE34A00BE6045 /* SKBasicCoredataManager.m */ = {isa = PBXFileReference; fileEncoding = 4; lastKnownFileType = sourcecode.c.objc; name = SKBasicCoredataManager.m; path = Classes/SKBasicCoredataManager.m; sourceTree = "<group>"; };
		84C2A8EB1A0FE34A00BE6045 /* SKMath.h */ = {isa = PBXFileReference; fileEncoding = 4; lastKnownFileType = sourcecode.c.h; name = SKMath.h; path = Classes/SKMath.h; sourceTree = "<group>"; };
		84C2A8EC1A0FE34A00BE6045 /* SKMath.m */ = {isa = PBXFileReference; fileEncoding = 4; lastKnownFileType = sourcecode.c.objc; name = SKMath.m; path = Classes/SKMath.m; sourceTree = "<group>"; };
		84C2A8ED1A0FE34A00BE6045 /* SKLibs.h */ = {isa = PBXFileReference; fileEncoding = 4; lastKnownFileType = sourcecode.c.h; name = SKLibs.h; path = Classes/SKLibs.h; sourceTree = "<group>"; };
		84C2A9011A0FEAF700BE6045 /* SKBasicProcessor.h */ = {isa = PBXFileReference; fileEncoding = 4; lastKnownFileType = sourcecode.c.h; name = SKBasicProcessor.h; path = Classes/SKBasicProcessor.h; sourceTree = "<group>"; };
		84C2A9021A0FEAF700BE6045 /* SKBasicProcessor.m */ = {isa = PBXFileReference; fileEncoding = 4; lastKnownFileType = sourcecode.c.objc; name = SKBasicProcessor.m; path = Classes/SKBasicProcessor.m; sourceTree = "<group>"; };
		84C2A9071A0FED6400BE6045 /* SKCoockies.h */ = {isa = PBXFileReference; fileEncoding = 4; lastKnownFileType = sourcecode.c.h; name = SKCoockies.h; path = Classes/SKCoockies.h; sourceTree = "<group>"; };
		84C2A9081A0FED6400BE6045 /* SKCoockies.m */ = {isa = PBXFileReference; fileEncoding = 4; lastKnownFileType = sourcecode.c.objc; name = SKCoockies.m; path = Classes/SKCoockies.m; sourceTree = "<group>"; };
		84F1AE321A0FFF6B007CAA64 /* SKDate.h */ = {isa = PBXFileReference; fileEncoding = 4; lastKnownFileType = sourcecode.c.h; name = SKDate.h; path = Classes/SKDate.h; sourceTree = "<group>"; };
		84F1AE331A0FFF6B007CAA64 /* SKDate.m */ = {isa = PBXFileReference; fileEncoding = 4; lastKnownFileType = sourcecode.c.objc; name = SKDate.m; path = Classes/SKDate.m; sourceTree = "<group>"; };
		84F1AE351A0FFF70007CAA64 /* SKImage.h */ = {isa = PBXFileReference; fileEncoding = 4; lastKnownFileType = sourcecode.c.h; name = SKImage.h; path = Classes/SKImage.h; sourceTree = "<group>"; };
		84F1AE361A0FFF70007CAA64 /* SKImage.m */ = {isa = PBXFileReference; fileEncoding = 4; lastKnownFileType = sourcecode.c.objc; name = SKImage.m; path = Classes/SKImage.m; sourceTree = "<group>"; };
/* End PBXFileReference section */

/* Begin PBXFrameworksBuildPhase section */
		848C3DF51A0FD419004C9699 /* Frameworks */ = {
			isa = PBXFrameworksBuildPhase;
			buildActionMask = 2147483647;
			files = (
				9A3C048B5F47D05C716EA268 /* libPods.a in Frameworks */,
			);
			runOnlyForDeploymentPostprocessing = 0;
		};
		848C3E111A0FD419004C9699 /* Frameworks */ = {
			isa = PBXFrameworksBuildPhase;
			buildActionMask = 2147483647;
			files = (
			);
			runOnlyForDeploymentPostprocessing = 0;
		};
/* End PBXFrameworksBuildPhase section */

/* Begin PBXGroup section */
		4CD6E88F1A1CFC91000BBD5D /* sharing */ = {
			isa = PBXGroup;
			children = (
				4CD6E8901A1CFCAB000BBD5D /* SKBasicSharingManager.h */,
				4CD6E8911A1CFCAB000BBD5D /* SKBasicSharingManager.m */,
			);
			name = sharing;
			sourceTree = "<group>";
		};
		60B548A62299B6463E2B9F92 /* Frameworks */ = {
			isa = PBXGroup;
			children = (
				084F732815BFD4EECB13D174 /* libPods.a */,
			);
			name = Frameworks;
			sourceTree = "<group>";
		};
		8429253F1A2F8530001A40F1 /* TableViewSample */ = {
			isa = PBXGroup;
			children = (
				842925401A2F8555001A40F1 /* TableViewSample.h */,
				842925411A2F8555001A40F1 /* TableViewSample.m */,
				8429254C1A2F8976001A40F1 /* tvDataSourceSample.h */,
				8429254D1A2F8976001A40F1 /* tvDataSourceSample.m */,
				842925581A2F95E9001A40F1 /* tvAdapterSample.h */,
				842925591A2F95E9001A40F1 /* tvAdapterSample.m */,
			);
			name = TableViewSample;
			sourceTree = "<group>";
		};
		845CFCEE1A0FDE52000A1A60 /* coredata */ = {
			isa = PBXGroup;
			children = (
				84C2A9011A0FEAF700BE6045 /* SKBasicProcessor.h */,
				84C2A9021A0FEAF700BE6045 /* SKBasicProcessor.m */,
				84C2A8D41A0FE34A00BE6045 /* SKBasicContextManager.h */,
				84C2A8D51A0FE34A00BE6045 /* SKBasicContextManager.m */,
				84C2A8DB1A0FE34A00BE6045 /* SKBasicLinker.h */,
				84C2A8DC1A0FE34A00BE6045 /* SKBasicLinker.m */,
				84C2A8DD1A0FE34A00BE6045 /* SKBasicMTContextProcessor.h */,
				84C2A8DE1A0FE34A00BE6045 /* SKBasicMTContextProcessor.m */,
				84C2A8DF1A0FE34A00BE6045 /* SKBasicPostprocessor.h */,
				84C2A8E01A0FE34A00BE6045 /* SKBasicPostprocessor.m */,
				84C2A8E11A0FE34A00BE6045 /* SKBasicSaver.h */,
				84C2A8E21A0FE34A00BE6045 /* SKBasicSaver.m */,
				84C2A8E31A0FE34A00BE6045 /* SKBasicSyncer.h */,
				84C2A8E41A0FE34A00BE6045 /* SKBasicSyncer.m */,
				84C2A8E71A0FE34A00BE6045 /* SKBasicCoredataManager.h */,
				84C2A8E81A0FE34A00BE6045 /* SKBasicCoredataManager.m */,
			);
			name = coredata;
			sourceTree = "<group>";
		};
		845CFCEF1A0FDE6B000A1A60 /* mvc */ = {
			isa = PBXGroup;
			children = (
				849411941A2E5679006A70A5 /* misc */,
				849411931A2E565A006A70A5 /* dataSources */,
				849411921A2E564C006A70A5 /* adapters */,
				849411911A2E562C006A70A5 /* views */,
			);
			name = mvc;
			sourceTree = "<group>";
		};
		845CFCF01A0FDE7A000A1A60 /* utilits */ = {
			isa = PBXGroup;
			children = (
				84F1AE351A0FFF70007CAA64 /* SKImage.h */,
				84F1AE361A0FFF70007CAA64 /* SKImage.m */,
				84F1AE321A0FFF6B007CAA64 /* SKDate.h */,
				84F1AE331A0FFF6B007CAA64 /* SKDate.m */,
				84C2A9071A0FED6400BE6045 /* SKCoockies.h */,
				84C2A9081A0FED6400BE6045 /* SKCoockies.m */,
				84C2A8E51A0FE34A00BE6045 /* SKColor.h */,
				84C2A8E61A0FE34A00BE6045 /* SKColor.m */,
				84C2A8EB1A0FE34A00BE6045 /* SKMath.h */,
				84C2A8EC1A0FE34A00BE6045 /* SKMath.m */,
			);
			name = utilits;
			sourceTree = "<group>";
		};
		847095551A2F731600B180D0 /* UIViewSample */ = {
			isa = PBXGroup;
			children = (
				847095561A2F733A00B180D0 /* UIViewSample.h */,
				847095571A2F733A00B180D0 /* UIViewSample.m */,
				847095591A2F744200B180D0 /* viewSample.h */,
				8470955A1A2F744200B180D0 /* viewSample.m */,
				8470955C1A2F77DB00B180D0 /* viewDataSourceSample.h */,
				8470955D1A2F77DB00B180D0 /* viewDataSourceSample.m */,
				8470955F1A2F77FB00B180D0 /* viewAdapterSample.h */,
				847095601A2F77FB00B180D0 /* viewAdapterSample.m */,
				847095621A2F7EE900B180D0 /* User.h */,
				847095631A2F7EE900B180D0 /* User.m */,
			);
			name = UIViewSample;
			sourceTree = "<group>";
		};
		848C3DEF1A0FD419004C9699 = {
			isa = PBXGroup;
			children = (
				849411A21A2E6111006A70A5 /* Develop */,
				848C3DFA1A0FD419004C9699 /* SKLibs */,
				848C3E171A0FD419004C9699 /* SKLibsTests */,
				848C3DF91A0FD419004C9699 /* Products */,
				9A42EEF80F94F46F6818BB2B /* Pods */,
				60B548A62299B6463E2B9F92 /* Frameworks */,
			);
			sourceTree = "<group>";
		};
		848C3DF91A0FD419004C9699 /* Products */ = {
			isa = PBXGroup;
			children = (
				848C3DF81A0FD419004C9699 /* SKLibs.app */,
				848C3E141A0FD419004C9699 /* SKLibsTests.xctest */,
			);
			name = Products;
			sourceTree = "<group>";
		};
		848C3DFA1A0FD419004C9699 /* SKLibs */ = {
			isa = PBXGroup;
			children = (
				845CFCEF1A0FDE6B000A1A60 /* mvc */,
				4CD6E88F1A1CFC91000BBD5D /* sharing */,
				84C2A8ED1A0FE34A00BE6045 /* SKLibs.h */,
				845CFCF01A0FDE7A000A1A60 /* utilits */,
				845CFCEE1A0FDE52000A1A60 /* coredata */,
				845CFCAF1A0FDC19000A1A60 /* AppDelegate.h */,
				845CFCB01A0FDC19000A1A60 /* AppDelegate.m */,
				848C3E0B1A0FD419004C9699 /* Images.xcassets */,
				848C3DFB1A0FD419004C9699 /* Supporting Files */,
			);
			path = SKLibs;
			sourceTree = "<group>";
		};
		848C3DFB1A0FD419004C9699 /* Supporting Files */ = {
			isa = PBXGroup;
			children = (
				848C3DFC1A0FD419004C9699 /* Info.plist */,
				848C3DFD1A0FD419004C9699 /* main.m */,
			);
			name = "Supporting Files";
			sourceTree = "<group>";
		};
		848C3E171A0FD419004C9699 /* SKLibsTests */ = {
			isa = PBXGroup;
			children = (
				848C3E1A1A0FD419004C9699 /* SKLibsTests.m */,
				848C3E181A0FD419004C9699 /* Supporting Files */,
			);
			path = SKLibsTests;
			sourceTree = "<group>";
		};
		848C3E181A0FD419004C9699 /* Supporting Files */ = {
			isa = PBXGroup;
			children = (
				848C3E191A0FD419004C9699 /* Info.plist */,
			);
			name = "Supporting Files";
			sourceTree = "<group>";
		};
		849411911A2E562C006A70A5 /* views */ = {
			isa = PBXGroup;
			children = (
				842925551A2F9433001A40F1 /* SKBasicTableView.m */,
				842925561A2F9433001A40F1 /* SKBasicTableView.h */,
				84C2A8D21A0FE34A00BE6045 /* SKBasicCollectionView.h */,
				84C2A8D31A0FE34A00BE6045 /* SKBasicCollectionView.m */,
				8494118C1A2E4FD5006A70A5 /* SKBasicView.h */,
				8494118D1A2E4FD5006A70A5 /* SKBasicView.m */,
				849411901A2E5120006A70A5 /* SKBasicViewProtocol.h */,
			);
			name = views;
			sourceTree = "<group>";
		};
		849411921A2E564C006A70A5 /* adapters */ = {
			isa = PBXGroup;
			children = (
				849411801A2E4D20006A70A5 /* SKBasicAdapter.h */,
				849411811A2E4D20006A70A5 /* SKBasicAdapter.m */,
				849411A01A2E600A006A70A5 /* SKBasicAdapterProtocol.h */,
				849411981A2E5B04006A70A5 /* SKBasicCollectionViewAdapter.h */,
				849411991A2E5B04006A70A5 /* SKBasicCollectionViewAdapter.m */,
				842925491A2F880F001A40F1 /* SKBasicTableViewAdapter.h */,
				8429254A1A2F880F001A40F1 /* SKBasicTableViewAdapter.m */,
			);
			name = adapters;
			sourceTree = "<group>";
		};
		849411931A2E565A006A70A5 /* dataSources */ = {
			isa = PBXGroup;
			children = (
				842925521A2F9427001A40F1 /* SKBasicTableViewDataSource.h */,
				842925531A2F9427001A40F1 /* SKBasicTableViewDataSource.m */,
				849411951A2E5886006A70A5 /* SKBasicArrayDataSource.h */,
				849411961A2E5886006A70A5 /* SKBasicArrayDataSource.m */,
				849411891A2E4F13006A70A5 /* SKBasicCollectionViewDataSource.h */,
				8494118A1A2E4F13006A70A5 /* SKBasicCollectionViewDataSource.m */,
				84C2A8D61A0FE34A00BE6045 /* SKBasicDataSource.h */,
				84C2A8D71A0FE34A00BE6045 /* SKBasicDataSource.m */,
				84C2A8DA1A0FE34A00BE6045 /* SKBasicDataSourceDelegate.h */,
				849411A11A2E6014006A70A5 /* SKBasicDataSourceProtocol.h */,
			);
			name = dataSources;
			sourceTree = "<group>";
		};
		849411941A2E5679006A70A5 /* misc */ = {
			isa = PBXGroup;
			children = (
				4CA2D60E1A2DFBBF00E21E08 /* SKBasicLoadingCell.h */,
				4CA2D60F1A2DFBBF00E21E08 /* SKBasicLoadingCell.m */,
				8429254F1A2F91F3001A40F1 /* SKBasicLoadingTableViewCell.h */,
				842925501A2F91F3001A40F1 /* SKBasicLoadingTableViewCell.m */,
			);
			name = misc;
			sourceTree = "<group>";
		};
		849411A21A2E6111006A70A5 /* Develop */ = {
			isa = PBXGroup;
			children = (
				8429253F1A2F8530001A40F1 /* TableViewSample */,
				847095551A2F731600B180D0 /* UIViewSample */,
				8494119D1A2E5FE2006A70A5 /* SKLibsVC.h */,
				8494119E1A2E5FE2006A70A5 /* SKLibsVC.m */,
				849411A61A2E64CE006A70A5 /* CollectionViewSample */,
			);
			name = Develop;
			sourceTree = "<group>";
		};
		849411A61A2E64CE006A70A5 /* CollectionViewSample */ = {
			isa = PBXGroup;
			children = (
				849411A31A2E6469006A70A5 /* CollectionViewSample.h */,
				849411A41A2E6469006A70A5 /* CollectionViewSample.m */,
				849411A71A2E64FC006A70A5 /* cvAdapterSample.h */,
				849411A81A2E64FC006A70A5 /* cvAdapterSample.m */,
				849411AA1A2E6520006A70A5 /* cvDataSourceSample.h */,
				849411AB1A2E6520006A70A5 /* cvDataSourceSample.m */,
				849411AD1A2E689A006A70A5 /* cvCellSample.h */,
				849411AE1A2E689A006A70A5 /* cvCellSample.m */,
			);
			name = CollectionViewSample;
			sourceTree = "<group>";
		};
		9A42EEF80F94F46F6818BB2B /* Pods */ = {
			isa = PBXGroup;
			children = (
				321A35CAF5E6431C516AD708 /* Pods.debug.xcconfig */,
				653D76719830801E02024942 /* Pods.release.xcconfig */,
			);
			name = Pods;
			sourceTree = "<group>";
		};
/* End PBXGroup section */

/* Begin PBXNativeTarget section */
		848C3DF71A0FD419004C9699 /* SKLibs */ = {
			isa = PBXNativeTarget;
			buildConfigurationList = 848C3E1E1A0FD419004C9699 /* Build configuration list for PBXNativeTarget "SKLibs" */;
			buildPhases = (
				5D78803DFA95E4B962659813 /* Check Pods Manifest.lock */,
				848C3DF41A0FD419004C9699 /* Sources */,
				848C3DF51A0FD419004C9699 /* Frameworks */,
				848C3DF61A0FD419004C9699 /* Resources */,
				93FCEE747EFCEC57E7CB0DBE /* Copy Pods Resources */,
			);
			buildRules = (
			);
			dependencies = (
			);
			name = SKLibs;
			productName = SKLibs;
			productReference = 848C3DF81A0FD419004C9699 /* SKLibs.app */;
			productType = "com.apple.product-type.application";
		};
		848C3E131A0FD419004C9699 /* SKLibsTests */ = {
			isa = PBXNativeTarget;
			buildConfigurationList = 848C3E211A0FD419004C9699 /* Build configuration list for PBXNativeTarget "SKLibsTests" */;
			buildPhases = (
				848C3E101A0FD419004C9699 /* Sources */,
				848C3E111A0FD419004C9699 /* Frameworks */,
				848C3E121A0FD419004C9699 /* Resources */,
			);
			buildRules = (
			);
			dependencies = (
				848C3E161A0FD419004C9699 /* PBXTargetDependency */,
			);
			name = SKLibsTests;
			productName = SKLibsTests;
			productReference = 848C3E141A0FD419004C9699 /* SKLibsTests.xctest */;
			productType = "com.apple.product-type.bundle.unit-test";
		};
/* End PBXNativeTarget section */

/* Begin PBXProject section */
		848C3DF01A0FD419004C9699 /* Project object */ = {
			isa = PBXProject;
			attributes = {
				LastUpgradeCheck = 0600;
				ORGANIZATIONNAME = Pandra;
				TargetAttributes = {
					848C3DF71A0FD419004C9699 = {
						CreatedOnToolsVersion = 6.0.1;
					};
					848C3E131A0FD419004C9699 = {
						CreatedOnToolsVersion = 6.0.1;
						TestTargetID = 848C3DF71A0FD419004C9699;
					};
				};
			};
			buildConfigurationList = 848C3DF31A0FD419004C9699 /* Build configuration list for PBXProject "SKLibs" */;
			compatibilityVersion = "Xcode 3.2";
			developmentRegion = English;
			hasScannedForEncodings = 0;
			knownRegions = (
				en,
				Base,
			);
			mainGroup = 848C3DEF1A0FD419004C9699;
			productRefGroup = 848C3DF91A0FD419004C9699 /* Products */;
			projectDirPath = "";
			projectRoot = "";
			targets = (
				848C3DF71A0FD419004C9699 /* SKLibs */,
				848C3E131A0FD419004C9699 /* SKLibsTests */,
			);
		};
/* End PBXProject section */

/* Begin PBXResourcesBuildPhase section */
		848C3DF61A0FD419004C9699 /* Resources */ = {
			isa = PBXResourcesBuildPhase;
			buildActionMask = 2147483647;
			files = (
				848C3E0C1A0FD419004C9699 /* Images.xcassets in Resources */,
			);
			runOnlyForDeploymentPostprocessing = 0;
		};
		848C3E121A0FD419004C9699 /* Resources */ = {
			isa = PBXResourcesBuildPhase;
			buildActionMask = 2147483647;
			files = (
			);
			runOnlyForDeploymentPostprocessing = 0;
		};
/* End PBXResourcesBuildPhase section */

/* Begin PBXShellScriptBuildPhase section */
		5D78803DFA95E4B962659813 /* Check Pods Manifest.lock */ = {
			isa = PBXShellScriptBuildPhase;
			buildActionMask = 2147483647;
			files = (
			);
			inputPaths = (
			);
			name = "Check Pods Manifest.lock";
			outputPaths = (
			);
			runOnlyForDeploymentPostprocessing = 0;
			shellPath = /bin/sh;
			shellScript = "diff \"${PODS_ROOT}/../Podfile.lock\" \"${PODS_ROOT}/Manifest.lock\" > /dev/null\nif [[ $? != 0 ]] ; then\n    cat << EOM\nerror: The sandbox is not in sync with the Podfile.lock. Run 'pod install' or update your CocoaPods installation.\nEOM\n    exit 1\nfi\n";
			showEnvVarsInLog = 0;
		};
		93FCEE747EFCEC57E7CB0DBE /* Copy Pods Resources */ = {
			isa = PBXShellScriptBuildPhase;
			buildActionMask = 2147483647;
			files = (
			);
			inputPaths = (
			);
			name = "Copy Pods Resources";
			outputPaths = (
			);
			runOnlyForDeploymentPostprocessing = 0;
			shellPath = /bin/sh;
			shellScript = "\"${SRCROOT}/Pods/Target Support Files/Pods/Pods-resources.sh\"\n";
			showEnvVarsInLog = 0;
		};
/* End PBXShellScriptBuildPhase section */

/* Begin PBXSourcesBuildPhase section */
		848C3DF41A0FD419004C9699 /* Sources */ = {
			isa = PBXSourcesBuildPhase;
			buildActionMask = 2147483647;
			files = (
				847095641A2F7EE900B180D0 /* User.m in Sources */,
				842925511A2F91F3001A40F1 /* SKBasicLoadingTableViewCell.m in Sources */,
				4C4D97681A10A8CC005FD0BE /* SKDate.m in Sources */,
				4C4D97671A10A8C5005FD0BE /* SKDate.h in Sources */,
				84F1AE371A0FFF70007CAA64 /* SKImage.m in Sources */,
				4CD6E8921A1CFCAB000BBD5D /* SKBasicSharingManager.m in Sources */,
				84C2A8F21A0FE34A00BE6045 /* SKBasicDataSource.m in Sources */,
				8494119F1A2E5FE2006A70A5 /* SKLibsVC.m in Sources */,
				84C2A8F41A0FE34A00BE6045 /* SKBasicLinker.m in Sources */,
				8470955E1A2F77DB00B180D0 /* viewDataSourceSample.m in Sources */,
				84C2A8F01A0FE34A00BE6045 /* SKBasicCollectionView.m in Sources */,
				8494118B1A2E4F13006A70A5 /* SKBasicCollectionViewDataSource.m in Sources */,
				84C2A8F51A0FE34A00BE6045 /* SKBasicMTContextProcessor.m in Sources */,
				8494118E1A2E4FD5006A70A5 /* SKBasicView.m in Sources */,
				842925541A2F9427001A40F1 /* SKBasicTableViewDataSource.m in Sources */,
				848C3DFE1A0FD419004C9699 /* main.m in Sources */,
				847095581A2F733A00B180D0 /* UIViewSample.m in Sources */,
				4CA2D6101A2DFBBF00E21E08 /* SKBasicLoadingCell.m in Sources */,
				842925421A2F8555001A40F1 /* TableViewSample.m in Sources */,
				84C2A8FA1A0FE34A00BE6045 /* SKBasicCoredataManager.m in Sources */,
				8470955B1A2F744200B180D0 /* viewSample.m in Sources */,
				849411AF1A2E689A006A70A5 /* cvCellSample.m in Sources */,
				84C2A8F81A0FE34A00BE6045 /* SKBasicSyncer.m in Sources */,
				84C2A9031A0FEAF700BE6045 /* SKBasicProcessor.m in Sources */,
				84C2A8F11A0FE34A00BE6045 /* SKBasicContextManager.m in Sources */,
				849411A91A2E64FC006A70A5 /* cvAdapterSample.m in Sources */,
				845CFCB11A0FDC19000A1A60 /* AppDelegate.m in Sources */,
				849411AC1A2E6520006A70A5 /* cvDataSourceSample.m in Sources */,
				8429255A1A2F95E9001A40F1 /* tvAdapterSample.m in Sources */,
				842925571A2F9433001A40F1 /* SKBasicTableView.m in Sources */,
				84C2A8FC1A0FE34A00BE6045 /* SKMath.m in Sources */,
				84C2A8F91A0FE34A00BE6045 /* SKColor.m in Sources */,
				84C2A8F71A0FE34A00BE6045 /* SKBasicSaver.m in Sources */,
				847095611A2F77FB00B180D0 /* viewAdapterSample.m in Sources */,
				849411821A2E4D20006A70A5 /* SKBasicAdapter.m in Sources */,
				849411A51A2E6469006A70A5 /* CollectionViewSample.m in Sources */,
				84C2A8F61A0FE34A00BE6045 /* SKBasicPostprocessor.m in Sources */,
				8494119A1A2E5B04006A70A5 /* SKBasicCollectionViewAdapter.m in Sources */,
				8429254E1A2F8976001A40F1 /* tvDataSourceSample.m in Sources */,
				8429254B1A2F880F001A40F1 /* SKBasicTableViewAdapter.m in Sources */,
				849411971A2E5886006A70A5 /* SKBasicArrayDataSource.m in Sources */,
				84C2A9091A0FED6400BE6045 /* SKCoockies.m in Sources */,
			);
			runOnlyForDeploymentPostprocessing = 0;
		};
		848C3E101A0FD419004C9699 /* Sources */ = {
			isa = PBXSourcesBuildPhase;
			buildActionMask = 2147483647;
			files = (
				848C3E1B1A0FD419004C9699 /* SKLibsTests.m in Sources */,
			);
			runOnlyForDeploymentPostprocessing = 0;
		};
/* End PBXSourcesBuildPhase section */

/* Begin PBXTargetDependency section */
		848C3E161A0FD419004C9699 /* PBXTargetDependency */ = {
			isa = PBXTargetDependency;
			target = 848C3DF71A0FD419004C9699 /* SKLibs */;
			targetProxy = 848C3E151A0FD419004C9699 /* PBXContainerItemProxy */;
		};
/* End PBXTargetDependency section */

/* Begin XCBuildConfiguration section */
		848C3E1C1A0FD419004C9699 /* Debug */ = {
			isa = XCBuildConfiguration;
			buildSettings = {
				ALWAYS_SEARCH_USER_PATHS = NO;
				CLANG_CXX_LANGUAGE_STANDARD = "gnu++0x";
				CLANG_CXX_LIBRARY = "libc++";
				CLANG_ENABLE_MODULES = YES;
				CLANG_ENABLE_OBJC_ARC = YES;
				CLANG_WARN_BOOL_CONVERSION = YES;
				CLANG_WARN_CONSTANT_CONVERSION = YES;
				CLANG_WARN_DIRECT_OBJC_ISA_USAGE = YES_ERROR;
				CLANG_WARN_EMPTY_BODY = YES;
				CLANG_WARN_ENUM_CONVERSION = YES;
				CLANG_WARN_INT_CONVERSION = YES;
				CLANG_WARN_OBJC_ROOT_CLASS = YES_ERROR;
				CLANG_WARN_UNREACHABLE_CODE = YES;
				CLANG_WARN__DUPLICATE_METHOD_MATCH = YES;
				"CODE_SIGN_IDENTITY[sdk=iphoneos*]" = "iPhone Developer";
				COPY_PHASE_STRIP = NO;
				ENABLE_STRICT_OBJC_MSGSEND = YES;
				GCC_C_LANGUAGE_STANDARD = gnu99;
				GCC_DYNAMIC_NO_PIC = NO;
				GCC_OPTIMIZATION_LEVEL = 0;
				GCC_PREPROCESSOR_DEFINITIONS = (
					"DEBUG=1",
					"$(inherited)",
				);
				GCC_SYMBOLS_PRIVATE_EXTERN = NO;
				GCC_WARN_64_TO_32_BIT_CONVERSION = YES;
				GCC_WARN_ABOUT_RETURN_TYPE = YES_ERROR;
				GCC_WARN_UNDECLARED_SELECTOR = YES;
				GCC_WARN_UNINITIALIZED_AUTOS = YES_AGGRESSIVE;
				GCC_WARN_UNUSED_FUNCTION = YES;
				GCC_WARN_UNUSED_VARIABLE = YES;
				IPHONEOS_DEPLOYMENT_TARGET = 8.0;
				MTL_ENABLE_DEBUG_INFO = YES;
				ONLY_ACTIVE_ARCH = YES;
				SDKROOT = iphoneos;
				TARGETED_DEVICE_FAMILY = "1,2";
			};
			name = Debug;
		};
		848C3E1D1A0FD419004C9699 /* Release */ = {
			isa = XCBuildConfiguration;
			buildSettings = {
				ALWAYS_SEARCH_USER_PATHS = NO;
				CLANG_CXX_LANGUAGE_STANDARD = "gnu++0x";
				CLANG_CXX_LIBRARY = "libc++";
				CLANG_ENABLE_MODULES = YES;
				CLANG_ENABLE_OBJC_ARC = YES;
				CLANG_WARN_BOOL_CONVERSION = YES;
				CLANG_WARN_CONSTANT_CONVERSION = YES;
				CLANG_WARN_DIRECT_OBJC_ISA_USAGE = YES_ERROR;
				CLANG_WARN_EMPTY_BODY = YES;
				CLANG_WARN_ENUM_CONVERSION = YES;
				CLANG_WARN_INT_CONVERSION = YES;
				CLANG_WARN_OBJC_ROOT_CLASS = YES_ERROR;
				CLANG_WARN_UNREACHABLE_CODE = YES;
				CLANG_WARN__DUPLICATE_METHOD_MATCH = YES;
				"CODE_SIGN_IDENTITY[sdk=iphoneos*]" = "iPhone Developer";
				COPY_PHASE_STRIP = YES;
				ENABLE_NS_ASSERTIONS = NO;
				ENABLE_STRICT_OBJC_MSGSEND = YES;
				GCC_C_LANGUAGE_STANDARD = gnu99;
				GCC_WARN_64_TO_32_BIT_CONVERSION = YES;
				GCC_WARN_ABOUT_RETURN_TYPE = YES_ERROR;
				GCC_WARN_UNDECLARED_SELECTOR = YES;
				GCC_WARN_UNINITIALIZED_AUTOS = YES_AGGRESSIVE;
				GCC_WARN_UNUSED_FUNCTION = YES;
				GCC_WARN_UNUSED_VARIABLE = YES;
				IPHONEOS_DEPLOYMENT_TARGET = 8.0;
				MTL_ENABLE_DEBUG_INFO = NO;
				SDKROOT = iphoneos;
				TARGETED_DEVICE_FAMILY = "1,2";
				VALIDATE_PRODUCT = YES;
			};
			name = Release;
		};
		848C3E1F1A0FD419004C9699 /* Debug */ = {
			isa = XCBuildConfiguration;
			baseConfigurationReference = 321A35CAF5E6431C516AD708 /* Pods.debug.xcconfig */;
			buildSettings = {
				ASSETCATALOG_COMPILER_APPICON_NAME = AppIcon;
				INFOPLIST_FILE = SKLibs/Info.plist;
				LD_RUNPATH_SEARCH_PATHS = "$(inherited) @executable_path/Frameworks";
				PRODUCT_NAME = SKLibs;
			};
			name = Debug;
		};
		848C3E201A0FD419004C9699 /* Release */ = {
			isa = XCBuildConfiguration;
			baseConfigurationReference = 653D76719830801E02024942 /* Pods.release.xcconfig */;
			buildSettings = {
				ASSETCATALOG_COMPILER_APPICON_NAME = AppIcon;
				INFOPLIST_FILE = SKLibs/Info.plist;
				LD_RUNPATH_SEARCH_PATHS = "$(inherited) @executable_path/Frameworks";
				PRODUCT_NAME = SKLibs;
			};
			name = Release;
		};
		848C3E221A0FD419004C9699 /* Debug */ = {
			isa = XCBuildConfiguration;
			buildSettings = {
				BUNDLE_LOADER = "$(TEST_HOST)";
				FRAMEWORK_SEARCH_PATHS = (
					"$(SDKROOT)/Developer/Library/Frameworks",
					"$(inherited)",
				);
				GCC_PREPROCESSOR_DEFINITIONS = (
					"DEBUG=1",
					"$(inherited)",
				);
				INFOPLIST_FILE = SKLibsTests/Info.plist;
				LD_RUNPATH_SEARCH_PATHS = "$(inherited) @executable_path/Frameworks @loader_path/Frameworks";
				PRODUCT_NAME = SKLibsTests;
				TEST_HOST = "$(BUILT_PRODUCTS_DIR)/SKLibs.app/SKLibs";
			};
			name = Debug;
		};
		848C3E231A0FD419004C9699 /* Release */ = {
			isa = XCBuildConfiguration;
			buildSettings = {
				BUNDLE_LOADER = "$(TEST_HOST)";
				FRAMEWORK_SEARCH_PATHS = (
					"$(SDKROOT)/Developer/Library/Frameworks",
					"$(inherited)",
				);
				INFOPLIST_FILE = SKLibsTests/Info.plist;
				LD_RUNPATH_SEARCH_PATHS = "$(inherited) @executable_path/Frameworks @loader_path/Frameworks";
				PRODUCT_NAME = SKLibsTests;
				TEST_HOST = "$(BUILT_PRODUCTS_DIR)/SKLibs.app/SKLibs";
			};
			name = Release;
		};
/* End XCBuildConfiguration section */

/* Begin XCConfigurationList section */
		848C3DF31A0FD419004C9699 /* Build configuration list for PBXProject "SKLibs" */ = {
			isa = XCConfigurationList;
			buildConfigurations = (
				848C3E1C1A0FD419004C9699 /* Debug */,
				848C3E1D1A0FD419004C9699 /* Release */,
			);
			defaultConfigurationIsVisible = 0;
			defaultConfigurationName = Release;
		};
		848C3E1E1A0FD419004C9699 /* Build configuration list for PBXNativeTarget "SKLibs" */ = {
			isa = XCConfigurationList;
			buildConfigurations = (
				848C3E1F1A0FD419004C9699 /* Debug */,
				848C3E201A0FD419004C9699 /* Release */,
			);
			defaultConfigurationIsVisible = 0;
			defaultConfigurationName = Release;
		};
		848C3E211A0FD419004C9699 /* Build configuration list for PBXNativeTarget "SKLibsTests" */ = {
			isa = XCConfigurationList;
			buildConfigurations = (
				848C3E221A0FD419004C9699 /* Debug */,
				848C3E231A0FD419004C9699 /* Release */,
			);
			defaultConfigurationIsVisible = 0;
			defaultConfigurationName = Release;
		};
/* End XCConfigurationList section */
	};
	rootObject = 848C3DF01A0FD419004C9699 /* Project object */;
}
